# This file is automatically @generated by Cargo.
# It is not intended for manual editing.
[[package]]
name = "ray-tracing-toy"
version = "0.1.0"

[[package]]
name = "week0chap01"
version = "0.1.0"

[[package]]
name = "week0chap02"
version = "0.1.0"

[[package]]
name = "week0chap03"
version = "0.1.0"

[[package]]
name = "week0chap04"
version = "0.1.0"

